
Microsoft Visual Studio Solution File, Format Version 12.00
# Visual Studio Version 17
VisualStudioVersion = 17.0.31903.59
MinimumVisualStudioVersion = 10.0.40219.1
Project("{FAE04EC0-301F-11D3-BF4B-00C04F79EFBC}") = "ValheimServerGUI.Core", "ValheimServerGUI.Core\ValheimServerGUI.Core.csproj", "{8B6D50A1-9791-4DF6-AEEE-C2BF94E077D2}"
EndProject
Project("{FAE04EC0-301F-11D3-BF4B-00C04F79EFBC}") = "ValheimServerGUI.Core.Tests", "ValheimServerGUI.Core.Tests\ValheimServerGUI.Core.Tests.csproj", "{3ECD05B0-609A-49FC-B443-2A44DD7DCD29}"
EndProject
Project("{FAE04EC0-301F-11D3-BF4B-00C04F79EFBC}") = "ValheimServerGUI.Infrastructure", "ValheimServerGUI.Infrastructure\ValheimServerGUI.Infrastructure.csproj", "{059FF2CC-3BF2-402F-82FE-77F8041BF8B4}"
EndProject
Project("{FAE04EC0-301F-11D3-BF4B-00C04F79EFBC}") = "ValheimServerGUI.Tools", "ValheimServerGUI.Tools\ValheimServerGUI.Tools.csproj", "{1FEB0598-F6A7-4A90-8DB2-593EC08A4CFE}"
EndProject
Project("{FAE04EC0-301F-11D3-BF4B-00C04F79EFBC}") = "ValheimServerGUI.Infrastructure.Tests", "ValheimServerGUI.Infrastructure.Tests\ValheimServerGUI.Infrastructure.Tests.csproj", "{ED8258F0-3DCE-4C0E-BDBA-BC093CD45AF2}"
EndProject
Project("{FAE04EC0-301F-11D3-BF4B-00C04F79EFBC}") = "ValheimServerGUI.Avalonia", "ValheimServerGUI.Avalonia\ValheimServerGUI.Avalonia.csproj", "{5DE57393-616D-4230-BEDB-0E6B4A1F8ED2}"
EndProject
Global
	GlobalSection(SolutionConfigurationPlatforms) = preSolution
		Debug|Any CPU = Debug|Any CPU
		Debug|x64 = Debug|x64
		Debug|x86 = Debug|x86
		Release|Any CPU = Release|Any CPU
		Release|x64 = Release|x64
		Release|x86 = Release|x86
	EndGlobalSection
	GlobalSection(ProjectConfigurationPlatforms) = postSolution
		{8B6D50A1-9791-4DF6-AEEE-C2BF94E077D2}.Debug|Any CPU.ActiveCfg = Debug|Any CPU
		{8B6D50A1-9791-4DF6-AEEE-C2BF94E077D2}.Debug|Any CPU.Build.0 = Debug|Any CPU
		{8B6D50A1-9791-4DF6-AEEE-C2BF94E077D2}.Debug|x64.ActiveCfg = Debug|Any CPU
		{8B6D50A1-9791-4DF6-AEEE-C2BF94E077D2}.Debug|x64.Build.0 = Debug|Any CPU
		{8B6D50A1-9791-4DF6-AEEE-C2BF94E077D2}.Debug|x86.ActiveCfg = Debug|Any CPU
		{8B6D50A1-9791-4DF6-AEEE-C2BF94E077D2}.Debug|x86.Build.0 = Debug|Any CPU
		{8B6D50A1-9791-4DF6-AEEE-C2BF94E077D2}.Release|Any CPU.ActiveCfg = Release|Any CPU
		{8B6D50A1-9791-4DF6-AEEE-C2BF94E077D2}.Release|Any CPU.Build.0 = Release|Any CPU
		{8B6D50A1-9791-4DF6-AEEE-C2BF94E077D2}.Release|x64.ActiveCfg = Release|Any CPU
		{8B6D50A1-9791-4DF6-AEEE-C2BF94E077D2}.Release|x64.Build.0 = Release|Any CPU
		{8B6D50A1-9791-4DF6-AEEE-C2BF94E077D2}.Release|x86.ActiveCfg = Release|Any CPU
		{8B6D50A1-9791-4DF6-AEEE-C2BF94E077D2}.Release|x86.Build.0 = Release|Any CPU
		{3ECD05B0-609A-49FC-B443-2A44DD7DCD29}.Debug|Any CPU.ActiveCfg = Debug|Any CPU
		{3ECD05B0-609A-49FC-B443-2A44DD7DCD29}.Debug|Any CPU.Build.0 = Debug|Any CPU
		{3ECD05B0-609A-49FC-B443-2A44DD7DCD29}.Debug|x64.ActiveCfg = Debug|Any CPU
		{3ECD05B0-609A-49FC-B443-2A44DD7DCD29}.Debug|x64.Build.0 = Debug|Any CPU
		{3ECD05B0-609A-49FC-B443-2A44DD7DCD29}.Debug|x86.ActiveCfg = Debug|Any CPU
		{3ECD05B0-609A-49FC-B443-2A44DD7DCD29}.Debug|x86.Build.0 = Debug|Any CPU
		{3ECD05B0-609A-49FC-B443-2A44DD7DCD29}.Release|Any CPU.ActiveCfg = Release|Any CPU
		{3ECD05B0-609A-49FC-B443-2A44DD7DCD29}.Release|Any CPU.Build.0 = Release|Any CPU
		{3ECD05B0-609A-49FC-B443-2A44DD7DCD29}.Release|x64.ActiveCfg = Release|Any CPU
		{3ECD05B0-609A-49FC-B443-2A44DD7DCD29}.Release|x64.Build.0 = Release|Any CPU
		{3ECD05B0-609A-49FC-B443-2A44DD7DCD29}.Release|x86.ActiveCfg = Release|Any CPU
		{3ECD05B0-609A-49FC-B443-2A44DD7DCD29}.Release|x86.Build.0 = Release|Any CPU
		{059FF2CC-3BF2-402F-82FE-77F8041BF8B4}.Debug|Any CPU.ActiveCfg = Debug|Any CPU
		{059FF2CC-3BF2-402F-82FE-77F8041BF8B4}.Debug|Any CPU.Build.0 = Debug|Any CPU
		{059FF2CC-3BF2-402F-82FE-77F8041BF8B4}.Debug|x64.ActiveCfg = Debug|Any CPU
		{059FF2CC-3BF2-402F-82FE-77F8041BF8B4}.Debug|x64.Build.0 = Debug|Any CPU
		{059FF2CC-3BF2-402F-82FE-77F8041BF8B4}.Debug|x86.ActiveCfg = Debug|Any CPU
		{059FF2CC-3BF2-402F-82FE-77F8041BF8B4}.Debug|x86.Build.0 = Debug|Any CPU
		{059FF2CC-3BF2-402F-82FE-77F8041BF8B4}.Release|Any CPU.ActiveCfg = Release|Any CPU
		{059FF2CC-3BF2-402F-82FE-77F8041BF8B4}.Release|Any CPU.Build.0 = Release|Any CPU
		{059FF2CC-3BF2-402F-82FE-77F8041BF8B4}.Release|x64.ActiveCfg = Release|Any CPU
		{059FF2CC-3BF2-402F-82FE-77F8041BF8B4}.Release|x64.Build.0 = Release|Any CPU
		{059FF2CC-3BF2-402F-82FE-77F8041BF8B4}.Release|x86.ActiveCfg = Release|Any CPU
		{059FF2CC-3BF2-402F-82FE-77F8041BF8B4}.Release|x86.Build.0 = Release|Any CPU
		{1FEB0598-F6A7-4A90-8DB2-593EC08A4CFE}.Debug|Any CPU.ActiveCfg = Debug|Any CPU
		{1FEB0598-F6A7-4A90-8DB2-593EC08A4CFE}.Debug|Any CPU.Build.0 = Debug|Any CPU
		{1FEB0598-F6A7-4A90-8DB2-593EC08A4CFE}.Debug|x64.ActiveCfg = Debug|Any CPU
		{1FEB0598-F6A7-4A90-8DB2-593EC08A4CFE}.Debug|x64.Build.0 = Debug|Any CPU
		{1FEB0598-F6A7-4A90-8DB2-593EC08A4CFE}.Debug|x86.ActiveCfg = Debug|Any CPU
		{1FEB0598-F6A7-4A90-8DB2-593EC08A4CFE}.Debug|x86.Build.0 = Debug|Any CPU
		{1FEB0598-F6A7-4A90-8DB2-593EC08A4CFE}.Release|Any CPU.ActiveCfg = Release|Any CPU
		{1FEB0598-F6A7-4A90-8DB2-593EC08A4CFE}.Release|Any CPU.Build.0 = Release|Any CPU
		{1FEB0598-F6A7-4A90-8DB2-593EC08A4CFE}.Release|x64.ActiveCfg = Release|Any CPU
		{1FEB0598-F6A7-4A90-8DB2-593EC08A4CFE}.Release|x64.Build.0 = Release|Any CPU
		{1FEB0598-F6A7-4A90-8DB2-593EC08A4CFE}.Release|x86.ActiveCfg = Release|Any CPU
		{1FEB0598-F6A7-4A90-8DB2-593EC08A4CFE}.Release|x86.Build.0 = Release|Any CPU
		{ED8258F0-3DCE-4C0E-BDBA-BC093CD45AF2}.Debug|Any CPU.ActiveCfg = Debug|Any CPU
		{ED8258F0-3DCE-4C0E-BDBA-BC093CD45AF2}.Debug|Any CPU.Build.0 = Debug|Any CPU
		{ED8258F0-3DCE-4C0E-BDBA-BC093CD45AF2}.Debug|x64.ActiveCfg = Debug|Any CPU
		{ED8258F0-3DCE-4C0E-BDBA-BC093CD45AF2}.Debug|x64.Build.0 = Debug|Any CPU
		{ED8258F0-3DCE-4C0E-BDBA-BC093CD45AF2}.Debug|x86.ActiveCfg = Debug|Any CPU
		{ED8258F0-3DCE-4C0E-BDBA-BC093CD45AF2}.Debug|x86.Build.0 = Debug|Any CPU
		{ED8258F0-3DCE-4C0E-BDBA-BC093CD45AF2}.Release|Any CPU.ActiveCfg = Release|Any CPU
		{ED8258F0-3DCE-4C0E-BDBA-BC093CD45AF2}.Release|Any CPU.Build.0 = Release|Any CPU
		{ED8258F0-3DCE-4C0E-BDBA-BC093CD45AF2}.Release|x64.ActiveCfg = Release|Any CPU
		{ED8258F0-3DCE-4C0E-BDBA-BC093CD45AF2}.Release|x64.Build.0 = Release|Any CPU
		{ED8258F0-3DCE-4C0E-BDBA-BC093CD45AF2}.Release|x86.ActiveCfg = Release|Any CPU
		{ED8258F0-3DCE-4C0E-BDBA-BC093CD45AF2}.Release|x86.Build.0 = Release|Any CPU
		{5DE57393-616D-4230-BEDB-0E6B4A1F8ED2}.Debug|Any CPU.ActiveCfg = Debug|Any CPU
		{5DE57393-616D-4230-BEDB-0E6B4A1F8ED2}.Debug|Any CPU.Build.0 = Debug|Any CPU
		{5DE57393-616D-4230-BEDB-0E6B4A1F8ED2}.Debug|x64.ActiveCfg = Debug|Any CPU
		{5DE57393-616D-4230-BEDB-0E6B4A1F8ED2}.Debug|x64.Build.0 = Debug|Any CPU
		{5DE57393-616D-4230-BEDB-0E6B4A1F8ED2}.Debug|x86.ActiveCfg = Debug|Any CPU
		{5DE57393-616D-4230-BEDB-0E6B4A1F8ED2}.Debug|x86.Build.0 = Debug|Any CPU
		{5DE57393-616D-4230-BEDB-0E6B4A1F8ED2}.Release|Any CPU.ActiveCfg = Release|Any CPU
		{5DE57393-616D-4230-BEDB-0E6B4A1F8ED2}.Release|Any CPU.Build.0 = Release|Any CPU
		{5DE57393-616D-4230-BEDB-0E6B4A1F8ED2}.Release|x64.ActiveCfg = Release|Any CPU
		{5DE57393-616D-4230-BEDB-0E6B4A1F8ED2}.Release|x64.Build.0 = Release|Any CPU
		{5DE57393-616D-4230-BEDB-0E6B4A1F8ED2}.Release|x86.ActiveCfg = Release|Any CPU
		{5DE57393-616D-4230-BEDB-0E6B4A1F8ED2}.Release|x86.Build.0 = Release|Any CPU
	EndGlobalSection
	GlobalSection(SolutionProperties) = preSolution
		HideSolutionNode = FALSE
	EndGlobalSection
EndGlobal
